Microsoft Visual Studio Solution File, Format Version 8.00
Project("{FAE04EC0-301F-11D3-BF4B-00C04F79EFBC}") = "IcisMobileDesktopServer", "IcisMobileDesktopServer.csproj", "{C1626C9F-724F-4D1D-887A-ACDFB9EBE0EF}"
	ProjectSection(ProjectDependencies) = postProject
	EndProjectSection
EndProject
Project("{54435603-DBB4-11D2-8724-00A0C9A8B90C}") = "Setup", "Setup\Setup.vdproj", "{F8B516BE-F6D4-4198-A9FF-5B10D73F961C}"
	ProjectSection(ProjectDependencies) = postProject
	EndProjectSection
EndProject
Global
	GlobalSection(SolutionConfiguration) = preSolution
		Debug = Debug
		Release = Release
	EndGlobalSection
	GlobalSection(ProjectConfiguration) = postSolution
		{C1626C9F-724F-4D1D-887A-ACDFB9EBE0EF}.Debug.ActiveCfg = Debug|.NET
		{C1626C9F-724F-4D1D-887A-ACDFB9EBE0EF}.Debug.Build.0 = Debug|.NET
		{C1626C9F-724F-4D1D-887A-ACDFB9EBE0EF}.Release.ActiveCfg = Release|.NET
		{C1626C9F-724F-4D1D-887A-ACDFB9EBE0EF}.Release.Build.0 = Release|.NET
		{F8B516BE-F6D4-4198-A9FF-5B10D73F961C}.Debug.ActiveCfg = Debug
		{F8B516BE-F6D4-4198-A9FF-5B10D73F961C}.Release.ActiveCfg = Release
	EndGlobalSection
	GlobalSection(ExtensibilityGlobals) = postSolution
	EndGlobalSection
	GlobalSection(ExtensibilityAddIns) = postSolution
	EndGlobalSection
EndGlobal
